
Microsoft Visual Studio Solution File, Format Version 11.00
# Visual Studio 2010
Project("{FAE04EC0-301F-11D3-BF4B-00C04F79EFBC}") = "01-UniversalXIBUtility", "01-UniversalXIBUtility\01-UniversalXIBUtility.csproj", "{6B2DD3FC-A150-4980-B699-049ABFA231EA}"
EndProject
Global
	GlobalSection(SolutionConfigurationPlatforms) = preSolution
		Debug|iPhoneSimulator = Debug|iPhoneSimulator
		Release|iPhoneSimulator = Release|iPhoneSimulator
		Debug|iPhone = Debug|iPhone
		Release|iPhone = Release|iPhone
		Ad-Hoc|iPhone = Ad-Hoc|iPhone
		AppStore|iPhone = AppStore|iPhone
	EndGlobalSection
	GlobalSection(ProjectConfigurationPlatforms) = postSolution
		{6B2DD3FC-A150-4980-B699-049ABFA231EA}.Ad-Hoc|iPhone.ActiveCfg = Ad-Hoc|iPhone
		{6B2DD3FC-A150-4980-B699-049ABFA231EA}.Ad-Hoc|iPhone.Build.0 = Ad-Hoc|iPhone
		{6B2DD3FC-A150-4980-B699-049ABFA231EA}.AppStore|iPhone.ActiveCfg = AppStore|iPhone
		{6B2DD3FC-A150-4980-B699-049ABFA231EA}.AppStore|iPhone.Build.0 = AppStore|iPhone
		{6B2DD3FC-A150-4980-B699-049ABFA231EA}.Debug|iPhone.ActiveCfg = Debug|iPhone
		{6B2DD3FC-A150-4980-B699-049ABFA231EA}.Debug|iPhone.Build.0 = Debug|iPhone
		{6B2DD3FC-A150-4980-B699-049ABFA231EA}.Debug|iPhoneSimulator.ActiveCfg = Debug|iPhoneSimulator
		{6B2DD3FC-A150-4980-B699-049ABFA231EA}.Debug|iPhoneSimulator.Build.0 = Debug|iPhoneSimulator
		{6B2DD3FC-A150-4980-B699-049ABFA231EA}.Release|iPhone.ActiveCfg = Release|iPhone
		{6B2DD3FC-A150-4980-B699-049ABFA231EA}.Release|iPhone.Build.0 = Release|iPhone
		{6B2DD3FC-A150-4980-B699-049ABFA231EA}.Release|iPhoneSimulator.ActiveCfg = Release|iPhoneSimulator
		{6B2DD3FC-A150-4980-B699-049ABFA231EA}.Release|iPhoneSimulator.Build.0 = Release|iPhoneSimulator
	EndGlobalSection
	GlobalSection(MonoDevelopProperties) = preSolution
		StartupItem = 01-UniversalXIBUtility\01-UniversalXIBUtility.csproj
	EndGlobalSection
	GlobalSection(SolutionProperties) = preSolution
		HideSolutionNode = FALSE
	EndGlobalSection
EndGlobal
